
Microsoft Visual Studio Solution File, Format Version 12.00
# Visual Studio Version 16
VisualStudioVersion = 16.0.29613.14
MinimumVisualStudioVersion = 10.0.40219.1
Project("{FAE04EC0-301F-11D3-BF4B-00C04F79EFBC}") = "sample-dotnetcore-console-ef-bulk", "sample-dotnetcore-console-ef-bulk\sample-dotnetcore-console-ef-bulk.csproj", "{363C3710-FA5D-4B83-A83B-03FAC3053C29}"
EndProject
Global
	GlobalSection(SolutionConfigurationPlatforms) = preSolution
		Debug|Any CPU = Debug|Any CPU
		Release|Any CPU = Release|Any CPU
	EndGlobalSection
	GlobalSection(ProjectConfigurationPlatforms) = postSolution
		{363C3710-FA5D-4B83-A83B-03FAC3053C29}.Debug|Any CPU.ActiveCfg = Debug|Any CPU
		{363C3710-FA5D-4B83-A83B-03FAC3053C29}.Debug|Any CPU.Build.0 = Debug|Any CPU
		{363C3710-FA5D-4B83-A83B-03FAC3053C29}.Release|Any CPU.ActiveCfg = Release|Any CPU
		{363C3710-FA5D-4B83-A83B-03FAC3053C29}.Release|Any CPU.Build.0 = Release|Any CPU
	EndGlobalSection
	GlobalSection(SolutionProperties) = preSolution
		HideSolutionNode = FALSE
	EndGlobalSection
	GlobalSection(ExtensibilityGlobals) = postSolution
		SolutionGuid = {D2847826-FF41-4430-89BD-713F3924E96B}
	EndGlobalSection
EndGlobal
